
Microsoft Visual Studio Solution File, Format Version 12.00
# Visual Studio 15
Project("{FAE04EC0-301F-11D3-BF4B-00C04F79EFBC}") = "Assembly-CSharp", "Assembly-CSharp.csproj", "{498E6C1B-A56A-BA8E-36A9-10E8D3370F37}"
EndProject
Project("{FAE04EC0-301F-11D3-BF4B-00C04F79EFBC}") = "Assembly-CSharp-Editor", "Assembly-CSharp-Editor.csproj", "{45FC4BD7-5510-52FF-1AE2-77B3FD25CCF0}"
EndProject
Global
	GlobalSection(SolutionConfigurationPlatforms) = preSolution
		Debug|Any CPU = Debug|Any CPU
		Release|Any CPU = Release|Any CPU
	EndGlobalSection
	GlobalSection(ProjectConfigurationPlatforms) = postSolution
		{498E6C1B-A56A-BA8E-36A9-10E8D3370F37}.Debug|Any CPU.ActiveCfg = Debug|Any CPU
		{498E6C1B-A56A-BA8E-36A9-10E8D3370F37}.Debug|Any CPU.Build.0 = Debug|Any CPU
		{498E6C1B-A56A-BA8E-36A9-10E8D3370F37}.Release|Any CPU.ActiveCfg = Release|Any CPU
		{498E6C1B-A56A-BA8E-36A9-10E8D3370F37}.Release|Any CPU.Build.0 = Release|Any CPU
		{45FC4BD7-5510-52FF-1AE2-77B3FD25CCF0}.Debug|Any CPU.ActiveCfg = Debug|Any CPU
		{45FC4BD7-5510-52FF-1AE2-77B3FD25CCF0}.Debug|Any CPU.Build.0 = Debug|Any CPU
		{45FC4BD7-5510-52FF-1AE2-77B3FD25CCF0}.Release|Any CPU.ActiveCfg = Release|Any CPU
		{45FC4BD7-5510-52FF-1AE2-77B3FD25CCF0}.Release|Any CPU.Build.0 = Release|Any CPU
	EndGlobalSection
	GlobalSection(SolutionProperties) = preSolution
		HideSolutionNode = FALSE
	EndGlobalSection
EndGlobal
